
Microsoft Visual Studio Solution File, Format Version 12.00
# Visual Studio Version 17
VisualStudioVersion = 17.3.32901.215
MinimumVisualStudioVersion = 10.0.40219.1
Project("{FAE04EC0-301F-11D3-BF4B-00C04F79EFBC}") = "ConsoleApp3", "ConsoleApp3\ConsoleApp3.csproj", "{E3E9B741-23C1-4EA8-8F77-AE7081A4322A}"
EndProject
Global
	GlobalSection(SolutionConfigurationPlatforms) = preSolution
		Debug|Any CPU = Debug|Any CPU
		Release|Any CPU = Release|Any CPU
	EndGlobalSection
	GlobalSection(ProjectConfigurationPlatforms) = postSolution
		{E3E9B741-23C1-4EA8-8F77-AE7081A4322A}.Debug|Any CPU.ActiveCfg = Debug|Any CPU
		{E3E9B741-23C1-4EA8-8F77-AE7081A4322A}.Debug|Any CPU.Build.0 = Debug|Any CPU
		{E3E9B741-23C1-4EA8-8F77-AE7081A4322A}.Release|Any CPU.ActiveCfg = Release|Any CPU
		{E3E9B741-23C1-4EA8-8F77-AE7081A4322A}.Release|Any CPU.Build.0 = Release|Any CPU
	EndGlobalSection
	GlobalSection(SolutionProperties) = preSolution
		HideSolutionNode = FALSE
	EndGlobalSection
	GlobalSection(ExtensibilityGlobals) = postSolution
		SolutionGuid = {06E55205-F1AC-40D1-B37F-A1F7A121E238}
	EndGlobalSection
EndGlobal
